
Microsoft Visual Studio Solution File, Format Version 12.00
# Visual Studio 14
VisualStudioVersion = 14.0.23107.0
MinimumVisualStudioVersion = 10.0.40219.1
Project("{FAE04EC0-301F-11D3-BF4B-00C04F79EFBC}") = "Gadgeothek-Admin-App", "Gadgeothek-Admin-App.csproj", "{60DFC880-75F2-4A45-917E-DEF1704EA444}"
EndProject
Project("{FAE04EC0-301F-11D3-BF4B-00C04F79EFBC}") = "ch.hsr.wpf.gadgeothek", "..\..\Miniprojekt-Vorlage-WPF\ch.hsr.wpf.gadgeothek\ch.hsr.wpf.gadgeothek.csproj", "{AC1EEAA5-EA41-46FC-8AFE-F0CF4B936ABB}"
EndProject
Global
	GlobalSection(SolutionConfigurationPlatforms) = preSolution
		Debug|Any CPU = Debug|Any CPU
		Release|Any CPU = Release|Any CPU
	EndGlobalSection
	GlobalSection(ProjectConfigurationPlatforms) = postSolution
		{60DFC880-75F2-4A45-917E-DEF1704EA444}.Debug|Any CPU.ActiveCfg = Debug|Any CPU
		{60DFC880-75F2-4A45-917E-DEF1704EA444}.Debug|Any CPU.Build.0 = Debug|Any CPU
		{60DFC880-75F2-4A45-917E-DEF1704EA444}.Release|Any CPU.ActiveCfg = Release|Any CPU
		{60DFC880-75F2-4A45-917E-DEF1704EA444}.Release|Any CPU.Build.0 = Release|Any CPU
		{AC1EEAA5-EA41-46FC-8AFE-F0CF4B936ABB}.Debug|Any CPU.ActiveCfg = Debug|Any CPU
		{AC1EEAA5-EA41-46FC-8AFE-F0CF4B936ABB}.Debug|Any CPU.Build.0 = Debug|Any CPU
		{AC1EEAA5-EA41-46FC-8AFE-F0CF4B936ABB}.Release|Any CPU.ActiveCfg = Release|Any CPU
		{AC1EEAA5-EA41-46FC-8AFE-F0CF4B936ABB}.Release|Any CPU.Build.0 = Release|Any CPU
	EndGlobalSection
	GlobalSection(SolutionProperties) = preSolution
		HideSolutionNode = FALSE
	EndGlobalSection
EndGlobal
